{
  "name": "js-hw-15-16",
  "version": "1.0.0",
  "lockfileVersion": 3,
  "requires": true,
  "packages": {
    "": {
      "name": "js-hw-15-16",
      "version": "1.0.0",
      "license": "ISC",
      "dependencies": {
        "@pnotify/core": "^5.2.0",
        "@pnotify/mobile": "^5.2.0",
        "lodash.debounce": "^4.0.8"
      }
    },
    "node_modules/@pnotify/core": {
      "version": "5.2.0",
      "resolved": "https://registry.npmjs.org/@pnotify/core/-/core-5.2.0.tgz",
      "integrity": "sha512-d9ZM7Q6ZxuwTJ14QbOa7pWmoUqObPis7S1K+TzISffrL8w2f7JigEPI281agLShVAMIsE5SsC6O9YhkutwekbA==",
      "license": "Apache-2.0"
    },
    "node_modules/@pnotify/mobile": {
      "version": "5.2.0",
      "resolved": "https://registry.npmjs.org/@pnotify/mobile/-/mobile-5.2.0.tgz",
      "integrity": "sha512-uu0V7h41Y8UTQA6ZB26PcHU7wHu5nwP/FEmMyimHEpEqhrvkzIRD2CxB7zu9SYp3Jk2NFcJC3NiueO3Kh25CVA==",
      "license": "Apache-2.0",
      "dependencies": {
        "@pnotify/core": "^5.2.0"
      }
    },
    "node_modules/lodash.debounce": {
      "version": "4.0.8",
      "resolved": "https://registry.npmjs.org/lodash.debounce/-/lodash.debounce-4.0.8.tgz",
      "integrity": "sha512-FT1yDzDYEoYWhnSGnpE/4Kj1fLZkDFyqRb7fNt6FdYOSxlUWAtp42Eh6Wb0rGIv/m9Bgo7x4GhQbm5Ys4SG5ow==",
      "license": "MIT"
    }
  }
}
